
Microsoft Visual Studio Solution File, Format Version 12.00
# Visual Studio Version 16
VisualStudioVersion = 16.0.32929.386
MinimumVisualStudioVersion = 10.0.40219.1
Project("{FAE04EC0-301F-11D3-BF4B-00C04F79EFBC}") = "SEL_Att_Log", "SEL_Att_Log\SEL_Att_Log.csproj", "{9D8C9ECF-19B5-44F1-91EC-73AD1E9302E5}"
EndProject
Global
	GlobalSection(SolutionConfigurationPlatforms) = preSolution
		Debug|Any CPU = Debug|Any CPU
		Release|Any CPU = Release|Any CPU
	EndGlobalSection
	GlobalSection(ProjectConfigurationPlatforms) = postSolution
		{9D8C9ECF-19B5-44F1-91EC-73AD1E9302E5}.Debug|Any CPU.ActiveCfg = Debug|Any CPU
		{9D8C9ECF-19B5-44F1-91EC-73AD1E9302E5}.Debug|Any CPU.Build.0 = Debug|Any CPU
		{9D8C9ECF-19B5-44F1-91EC-73AD1E9302E5}.Release|Any CPU.ActiveCfg = Release|Any CPU
		{9D8C9ECF-19B5-44F1-91EC-73AD1E9302E5}.Release|Any CPU.Build.0 = Release|Any CPU
	EndGlobalSection
	GlobalSection(SolutionProperties) = preSolution
		HideSolutionNode = FALSE
	EndGlobalSection
	GlobalSection(ExtensibilityGlobals) = postSolution
		SolutionGuid = {44FB364D-7D70-421F-853D-06B055E759EF}
	EndGlobalSection
EndGlobal
